
Microsoft Visual Studio Solution File, Format Version 12.00
# Visual Studio Version 17
VisualStudioVersion = 17.7.34031.279
MinimumVisualStudioVersion = 10.0.40219.1
Project("{FAE04EC0-301F-11D3-BF4B-00C04F79EFBC}") = "Jantzch.Server2", "Jantzch.Server2.csproj", "{06C24FFB-AD50-4B2A-9E5C-C3FB4AB1190E}"
EndProject
Global
	GlobalSection(SolutionConfigurationPlatforms) = preSolution
		Debug|Any CPU = Debug|Any CPU
		Release|Any CPU = Release|Any CPU
	EndGlobalSection
	GlobalSection(ProjectConfigurationPlatforms) = postSolution
		{06C24FFB-AD50-4B2A-9E5C-C3FB4AB1190E}.Debug|Any CPU.ActiveCfg = Debug|Any CPU
		{06C24FFB-AD50-4B2A-9E5C-C3FB4AB1190E}.Debug|Any CPU.Build.0 = Debug|Any CPU
		{06C24FFB-AD50-4B2A-9E5C-C3FB4AB1190E}.Release|Any CPU.ActiveCfg = Release|Any CPU
		{06C24FFB-AD50-4B2A-9E5C-C3FB4AB1190E}.Release|Any CPU.Build.0 = Release|Any CPU
	EndGlobalSection
	GlobalSection(SolutionProperties) = preSolution
		HideSolutionNode = FALSE
	EndGlobalSection
	GlobalSection(ExtensibilityGlobals) = postSolution
		SolutionGuid = {C5CB1B6D-9B77-4F91-B807-6A0463237490}
	EndGlobalSection
EndGlobal
